// !$*UTF8*$!
{
	archiveVersion = 1;
	classes = {
	};
	objectVersion = 56;
	objects = {

/* Begin PBXBuildFile section */
		55AD05232A003D2C00CC59C7 /* SwiftUI_ShapesApp.swift in Sources */ = {isa = PBXBuildFile; fileRef = 55AD05222A003D2C00CC59C7 /* SwiftUI_ShapesApp.swift */; };
		55AD05252A003D2C00CC59C7 /* TriangleView.swift in Sources */ = {isa = PBXBuildFile; fileRef = 55AD05242A003D2C00CC59C7 /* TriangleView.swift */; };
		55AD05272A003D2E00CC59C7 /* Assets.xcassets in Resources */ = {isa = PBXBuildFile; fileRef = 55AD05262A003D2E00CC59C7 /* Assets.xcassets */; };
		55AD052A2A003D2E00CC59C7 /* Preview Assets.xcassets in Resources */ = {isa = PBXBuildFile; fileRef = 55AD05292A003D2E00CC59C7 /* Preview Assets.xcassets */; };
		55AD05322A003F8100CC59C7 /* ArchTriangle.swift in Sources */ = {isa = PBXBuildFile; fileRef = 55AD05312A003F8100CC59C7 /* ArchTriangle.swift */; };
		55AD05342A0051A700CC59C7 /* FlowerView.swift in Sources */ = {isa = PBXBuildFile; fileRef = 55AD05332A0051A700CC59C7 /* FlowerView.swift */; };
		55AD05362A0055D900CC59C7 /* ImagePaint.swift in Sources */ = {isa = PBXBuildFile; fileRef = 55AD05352A0055D900CC59C7 /* ImagePaint.swift */; };
		55AD053A2A005D1800CC59C7 /* ColorBlendView.swift in Sources */ = {isa = PBXBuildFile; fileRef = 55AD05392A005D1800CC59C7 /* ColorBlendView.swift */; };
		55AD053C2A00603200CC59C7 /* ColoredCircleView.swift in Sources */ = {isa = PBXBuildFile; fileRef = 55AD053B2A00603200CC59C7 /* ColoredCircleView.swift */; };
		55AD053E2A0065F400CC59C7 /* AnimatedTrapezoid.swift in Sources */ = {isa = PBXBuildFile; fileRef = 55AD053D2A0065F400CC59C7 /* AnimatedTrapezoid.swift */; };
		55AD05402A00685B00CC59C7 /* CheckerboardView.swift in Sources */ = {isa = PBXBuildFile; fileRef = 55AD053F2A00685B00CC59C7 /* CheckerboardView.swift */; };
		55AD05452A006C1500CC59C7 /* TapMePulseView.swift in Sources */ = {isa = PBXBuildFile; fileRef = 55AD05442A006C1500CC59C7 /* TapMePulseView.swift */; };
		55AD05472A006FD800CC59C7 /* StepperSpringView.swift in Sources */ = {isa = PBXBuildFile; fileRef = 55AD05462A006FD800CC59C7 /* StepperSpringView.swift */; };
		55AD05492A00721B00CC59C7 /* Sprint3DRotateView.swift in Sources */ = {isa = PBXBuildFile; fileRef = 55AD05482A00721B00CC59C7 /* Sprint3DRotateView.swift */; };
		55AD054B2A00762800CC59C7 /* AnimationOrderView.swift in Sources */ = {isa = PBXBuildFile; fileRef = 55AD054A2A00762800CC59C7 /* AnimationOrderView.swift */; };
		55AD054D2A00782200CC59C7 /* DragView.swift in Sources */ = {isa = PBXBuildFile; fileRef = 55AD054C2A00782200CC59C7 /* DragView.swift */; };
		55AD054F2A007A1000CC59C7 /* LetterArrayView.swift in Sources */ = {isa = PBXBuildFile; fileRef = 55AD054E2A007A1000CC59C7 /* LetterArrayView.swift */; };
/* End PBXBuildFile section */

/* Begin PBXFileReference section */
		55AD051F2A003D2C00CC59C7 /* SwiftUI-Shapes.app */ = {isa = PBXFileReference; explicitFileType = wrapper.application; includeInIndex = 0; path = "SwiftUI-Shapes.app"; sourceTree = BUILT_PRODUCTS_DIR; };
		55AD05222A003D2C00CC59C7 /* SwiftUI_ShapesApp.swift */ = {isa = PBXFileReference; lastKnownFileType = sourcecode.swift; path = SwiftUI_ShapesApp.swift; sourceTree = "<group>"; };
		55AD05242A003D2C00CC59C7 /* TriangleView.swift */ = {isa = PBXFileReference; lastKnownFileType = sourcecode.swift; path = TriangleView.swift; sourceTree = "<group>"; };
		55AD05262A003D2E00CC59C7 /* Assets.xcassets */ = {isa = PBXFileReference; lastKnownFileType = folder.assetcatalog; path = Assets.xcassets; sourceTree = "<group>"; };
		55AD05292A003D2E00CC59C7 /* Preview Assets.xcassets */ = {isa = PBXFileReference; lastKnownFileType = folder.assetcatalog; path = "Preview Assets.xcassets"; sourceTree = "<group>"; };
		55AD05312A003F8100CC59C7 /* ArchTriangle.swift */ = {isa = PBXFileReference; lastKnownFileType = sourcecode.swift; path = ArchTriangle.swift; sourceTree = "<group>"; };
		55AD05332A0051A700CC59C7 /* FlowerView.swift */ = {isa = PBXFileReference; lastKnownFileType = sourcecode.swift; path = FlowerView.swift; sourceTree = "<group>"; };
		55AD05352A0055D900CC59C7 /* ImagePaint.swift */ = {isa = PBXFileReference; lastKnownFileType = sourcecode.swift; path = ImagePaint.swift; sourceTree = "<group>"; };
		55AD05392A005D1800CC59C7 /* ColorBlendView.swift */ = {isa = PBXFileReference; lastKnownFileType = sourcecode.swift; path = ColorBlendView.swift; sourceTree = "<group>"; };
		55AD053B2A00603200CC59C7 /* ColoredCircleView.swift */ = {isa = PBXFileReference; lastKnownFileType = sourcecode.swift; path = ColoredCircleView.swift; sourceTree = "<group>"; };
		55AD053D2A0065F400CC59C7 /* AnimatedTrapezoid.swift */ = {isa = PBXFileReference; lastKnownFileType = sourcecode.swift; path = AnimatedTrapezoid.swift; sourceTree = "<group>"; };
		55AD053F2A00685B00CC59C7 /* CheckerboardView.swift */ = {isa = PBXFileReference; lastKnownFileType = sourcecode.swift; path = CheckerboardView.swift; sourceTree = "<group>"; };
		55AD05442A006C1500CC59C7 /* TapMePulseView.swift */ = {isa = PBXFileReference; lastKnownFileType = sourcecode.swift; path = TapMePulseView.swift; sourceTree = "<group>"; };
		55AD05462A006FD800CC59C7 /* StepperSpringView.swift */ = {isa = PBXFileReference; lastKnownFileType = sourcecode.swift; path = StepperSpringView.swift; sourceTree = "<group>"; };
		55AD05482A00721B00CC59C7 /* Sprint3DRotateView.swift */ = {isa = PBXFileReference; lastKnownFileType = sourcecode.swift; path = Sprint3DRotateView.swift; sourceTree = "<group>"; };
		55AD054A2A00762800CC59C7 /* AnimationOrderView.swift */ = {isa = PBXFileReference; lastKnownFileType = sourcecode.swift; path = AnimationOrderView.swift; sourceTree = "<group>"; };
		55AD054C2A00782200CC59C7 /* DragView.swift */ = {isa = PBXFileReference; lastKnownFileType = sourcecode.swift; path = DragView.swift; sourceTree = "<group>"; };
		55AD054E2A007A1000CC59C7 /* LetterArrayView.swift */ = {isa = PBXFileReference; lastKnownFileType = sourcecode.swift; path = LetterArrayView.swift; sourceTree = "<group>"; };
/* End PBXFileReference section */

/* Begin PBXFrameworksBuildPhase section */
		55AD051C2A003D2C00CC59C7 /* Frameworks */ = {
			isa = PBXFrameworksBuildPhase;
			buildActionMask = 2147483647;
			files = (
			);
			runOnlyForDeploymentPostprocessing = 0;
		};
/* End PBXFrameworksBuildPhase section */

/* Begin PBXGroup section */
		55AD05162A003D2C00CC59C7 = {
			isa = PBXGroup;
			children = (
				55AD05212A003D2C00CC59C7 /* SwiftUI-Shapes */,
				55AD05202A003D2C00CC59C7 /* Products */,
			);
			sourceTree = "<group>";
		};
		55AD05202A003D2C00CC59C7 /* Products */ = {
			isa = PBXGroup;
			children = (
				55AD051F2A003D2C00CC59C7 /* SwiftUI-Shapes.app */,
			);
			name = Products;
			sourceTree = "<group>";
		};
		55AD05212A003D2C00CC59C7 /* SwiftUI-Shapes */ = {
			isa = PBXGroup;
			children = (
				55AD05432A006BED00CC59C7 /* Animation */,
				55AD05302A003F6D00CC59C7 /* Drawing */,
				55AD05222A003D2C00CC59C7 /* SwiftUI_ShapesApp.swift */,
				55AD05262A003D2E00CC59C7 /* Assets.xcassets */,
				55AD05282A003D2E00CC59C7 /* Preview Content */,
			);
			path = "SwiftUI-Shapes";
			sourceTree = "<group>";
		};
		55AD05282A003D2E00CC59C7 /* Preview Content */ = {
			isa = PBXGroup;
			children = (
				55AD05292A003D2E00CC59C7 /* Preview Assets.xcassets */,
			);
			path = "Preview Content";
			sourceTree = "<group>";
		};
		55AD05302A003F6D00CC59C7 /* Drawing */ = {
			isa = PBXGroup;
			children = (
				55AD05242A003D2C00CC59C7 /* TriangleView.swift */,
				55AD05312A003F8100CC59C7 /* ArchTriangle.swift */,
				55AD05332A0051A700CC59C7 /* FlowerView.swift */,
				55AD05352A0055D900CC59C7 /* ImagePaint.swift */,
				55AD05392A005D1800CC59C7 /* ColorBlendView.swift */,
				55AD053B2A00603200CC59C7 /* ColoredCircleView.swift */,
				55AD053D2A0065F400CC59C7 /* AnimatedTrapezoid.swift */,
				55AD053F2A00685B00CC59C7 /* CheckerboardView.swift */,
			);
			path = Drawing;
			sourceTree = "<group>";
		};
		55AD05432A006BED00CC59C7 /* Animation */ = {
			isa = PBXGroup;
			children = (
				55AD05442A006C1500CC59C7 /* TapMePulseView.swift */,
				55AD05462A006FD800CC59C7 /* StepperSpringView.swift */,
				55AD05482A00721B00CC59C7 /* Sprint3DRotateView.swift */,
				55AD054A2A00762800CC59C7 /* AnimationOrderView.swift */,
				55AD054C2A00782200CC59C7 /* DragView.swift */,
				55AD054E2A007A1000CC59C7 /* LetterArrayView.swift */,
			);
			path = Animation;
			sourceTree = "<group>";
		};
/* End PBXGroup section */

/* Begin PBXNativeTarget section */
		55AD051E2A003D2C00CC59C7 /* SwiftUI-Shapes */ = {
			isa = PBXNativeTarget;
			buildConfigurationList = 55AD052D2A003D2E00CC59C7 /* Build configuration list for PBXNativeTarget "SwiftUI-Shapes" */;
			buildPhases = (
				55AD051B2A003D2C00CC59C7 /* Sources */,
				55AD051C2A003D2C00CC59C7 /* Frameworks */,
				55AD051D2A003D2C00CC59C7 /* Resources */,
			);
			buildRules = (
			);
			dependencies = (
			);
			name = "SwiftUI-Shapes";
			productName = "SwiftUI-Shapes";
			productReference = 55AD051F2A003D2C00CC59C7 /* SwiftUI-Shapes.app */;
			productType = "com.apple.product-type.application";
		};
/* End PBXNativeTarget section */

/* Begin PBXProject section */
		55AD05172A003D2C00CC59C7 /* Project object */ = {
			isa = PBXProject;
			attributes = {
				BuildIndependentTargetsInParallel = 1;
				LastSwiftUpdateCheck = 1430;
				LastUpgradeCheck = 1430;
				TargetAttributes = {
					55AD051E2A003D2C00CC59C7 = {
						CreatedOnToolsVersion = 14.3;
					};
				};
			};
			buildConfigurationList = 55AD051A2A003D2C00CC59C7 /* Build configuration list for PBXProject "SwiftUI-Shapes" */;
			compatibilityVersion = "Xcode 14.0";
			developmentRegion = en;
			hasScannedForEncodings = 0;
			knownRegions = (
				en,
				Base,
			);
			mainGroup = 55AD05162A003D2C00CC59C7;
			productRefGroup = 55AD05202A003D2C00CC59C7 /* Products */;
			projectDirPath = "";
			projectRoot = "";
			targets = (
				55AD051E2A003D2C00CC59C7 /* SwiftUI-Shapes */,
			);
		};
/* End PBXProject section */

/* Begin PBXResourcesBuildPhase section */
		55AD051D2A003D2C00CC59C7 /* Resources */ = {
			isa = PBXResourcesBuildPhase;
			buildActionMask = 2147483647;
			files = (
				55AD052A2A003D2E00CC59C7 /* Preview Assets.xcassets in Resources */,
				55AD05272A003D2E00CC59C7 /* Assets.xcassets in Resources */,
			);
			runOnlyForDeploymentPostprocessing = 0;
		};
/* End PBXResourcesBuildPhase section */

/* Begin PBXSourcesBuildPhase section */
		55AD051B2A003D2C00CC59C7 /* Sources */ = {
			isa = PBXSourcesBuildPhase;
			buildActionMask = 2147483647;
			files = (
				55AD053C2A00603200CC59C7 /* ColoredCircleView.swift in Sources */,
				55AD053A2A005D1800CC59C7 /* ColorBlendView.swift in Sources */,
				55AD05492A00721B00CC59C7 /* Sprint3DRotateView.swift in Sources */,
				55AD05472A006FD800CC59C7 /* StepperSpringView.swift in Sources */,
				55AD05452A006C1500CC59C7 /* TapMePulseView.swift in Sources */,
				55AD054D2A00782200CC59C7 /* DragView.swift in Sources */,
				55AD05252A003D2C00CC59C7 /* TriangleView.swift in Sources */,
				55AD054F2A007A1000CC59C7 /* LetterArrayView.swift in Sources */,
				55AD054B2A00762800CC59C7 /* AnimationOrderView.swift in Sources */,
				55AD05362A0055D900CC59C7 /* ImagePaint.swift in Sources */,
				55AD05402A00685B00CC59C7 /* CheckerboardView.swift in Sources */,
				55AD053E2A0065F400CC59C7 /* AnimatedTrapezoid.swift in Sources */,
				55AD05232A003D2C00CC59C7 /* SwiftUI_ShapesApp.swift in Sources */,
				55AD05342A0051A700CC59C7 /* FlowerView.swift in Sources */,
				55AD05322A003F8100CC59C7 /* ArchTriangle.swift in Sources */,
			);
			runOnlyForDeploymentPostprocessing = 0;
		};
/* End PBXSourcesBuildPhase section */

/* Begin XCBuildConfiguration section */
		55AD052B2A003D2E00CC59C7 /* Debug */ = {
			isa = XCBuildConfiguration;
			buildSettings = {
				ALWAYS_SEARCH_USER_PATHS = NO;
				CLANG_ANALYZER_NONNULL = YES;
				CLANG_ANALYZER_NUMBER_OBJECT_CONVERSION = YES_AGGRESSIVE;
				CLANG_CXX_LANGUAGE_STANDARD = "gnu++20";
				CLANG_ENABLE_MODULES = YES;
				CLANG_ENABLE_OBJC_ARC = YES;
				CLANG_ENABLE_OBJC_WEAK = YES;
				CLANG_WARN_BLOCK_CAPTURE_AUTORELEASING = YES;
				CLANG_WARN_BOOL_CONVERSION = YES;
				CLANG_WARN_COMMA = YES;
				CLANG_WARN_CONSTANT_CONVERSION = YES;
				CLANG_WARN_DEPRECATED_OBJC_IMPLEMENTATIONS = YES;
				CLANG_WARN_DIRECT_OBJC_ISA_USAGE = YES_ERROR;
				CLANG_WARN_DOCUMENTATION_COMMENTS = YES;
				CLANG_WARN_EMPTY_BODY = YES;
				CLANG_WARN_ENUM_CONVERSION = YES;
				CLANG_WARN_INFINITE_RECURSION = YES;
				CLANG_WARN_INT_CONVERSION = YES;
				CLANG_WARN_NON_LITERAL_NULL_CONVERSION = YES;
				CLANG_WARN_OBJC_IMPLICIT_RETAIN_SELF = YES;
				CLANG_WARN_OBJC_LITERAL_CONVERSION = YES;
				CLANG_WARN_OBJC_ROOT_CLASS = YES_ERROR;
				CLANG_WARN_QUOTED_INCLUDE_IN_FRAMEWORK_HEADER = YES;
				CLANG_WARN_RANGE_LOOP_ANALYSIS = YES;
				CLANG_WARN_STRICT_PROTOTYPES = YES;
				CLANG_WARN_SUSPICIOUS_MOVE = YES;
				CLANG_WARN_UNGUARDED_AVAILABILITY = YES_AGGRESSIVE;
				CLANG_WARN_UNREACHABLE_CODE = YES;
				CLANG_WARN__DUPLICATE_METHOD_MATCH = YES;
				COPY_PHASE_STRIP = NO;
				DEBUG_INFORMATION_FORMAT = dwarf;
				ENABLE_STRICT_OBJC_MSGSEND = YES;
				ENABLE_TESTABILITY = YES;
				GCC_C_LANGUAGE_STANDARD = gnu11;
				GCC_DYNAMIC_NO_PIC = NO;
				GCC_NO_COMMON_BLOCKS = YES;
				GCC_OPTIMIZATION_LEVEL = 0;
				GCC_PREPROCESSOR_DEFINITIONS = (
					"DEBUG=1",
					"$(inherited)",
				);
				GCC_WARN_64_TO_32_BIT_CONVERSION = YES;
				GCC_WARN_ABOUT_RETURN_TYPE = YES_ERROR;
				GCC_WARN_UNDECLARED_SELECTOR = YES;
				GCC_WARN_UNINITIALIZED_AUTOS = YES_AGGRESSIVE;
				GCC_WARN_UNUSED_FUNCTION = YES;
				GCC_WARN_UNUSED_VARIABLE = YES;
				IPHONEOS_DEPLOYMENT_TARGET = 16.4;
				MTL_ENABLE_DEBUG_INFO = INCLUDE_SOURCE;
				MTL_FAST_MATH = YES;
				ONLY_ACTIVE_ARCH = YES;
				SDKROOT = iphoneos;
				SWIFT_ACTIVE_COMPILATION_CONDITIONS = DEBUG;
				SWIFT_OPTIMIZATION_LEVEL = "-Onone";
			};
			name = Debug;
		};
		55AD052C2A003D2E00CC59C7 /* Release */ = {
			isa = XCBuildConfiguration;
			buildSettings = {
				ALWAYS_SEARCH_USER_PATHS = NO;
				CLANG_ANALYZER_NONNULL = YES;
				CLANG_ANALYZER_NUMBER_OBJECT_CONVERSION = YES_AGGRESSIVE;
				CLANG_CXX_LANGUAGE_STANDARD = "gnu++20";
				CLANG_ENABLE_MODULES = YES;
				CLANG_ENABLE_OBJC_ARC = YES;
				CLANG_ENABLE_OBJC_WEAK = YES;
				CLANG_WARN_BLOCK_CAPTURE_AUTORELEASING = YES;
				CLANG_WARN_BOOL_CONVERSION = YES;
				CLANG_WARN_COMMA = YES;
				CLANG_WARN_CONSTANT_CONVERSION = YES;
				CLANG_WARN_DEPRECATED_OBJC_IMPLEMENTATIONS = YES;
				CLANG_WARN_DIRECT_OBJC_ISA_USAGE = YES_ERROR;
				CLANG_WARN_DOCUMENTATION_COMMENTS = YES;
				CLANG_WARN_EMPTY_BODY = YES;
				CLANG_WARN_ENUM_CONVERSION = YES;
				CLANG_WARN_INFINITE_RECURSION = YES;
				CLANG_WARN_INT_CONVERSION = YES;
				CLANG_WARN_NON_LITERAL_NULL_CONVERSION = YES;
				CLANG_WARN_OBJC_IMPLICIT_RETAIN_SELF = YES;
				CLANG_WARN_OBJC_LITERAL_CONVERSION = YES;
				CLANG_WARN_OBJC_ROOT_CLASS = YES_ERROR;
				CLANG_WARN_QUOTED_INCLUDE_IN_FRAMEWORK_HEADER = YES;
				CLANG_WARN_RANGE_LOOP_ANALYSIS = YES;
				CLANG_WARN_STRICT_PROTOTYPES = YES;
				CLANG_WARN_SUSPICIOUS_MOVE = YES;
				CLANG_WARN_UNGUARDED_AVAILABILITY = YES_AGGRESSIVE;
				CLANG_WARN_UNREACHABLE_CODE = YES;
				CLANG_WARN__DUPLICATE_METHOD_MATCH = YES;
				COPY_PHASE_STRIP = NO;
				DEBUG_INFORMATION_FORMAT = "dwarf-with-dsym";
				ENABLE_NS_ASSERTIONS = NO;
				ENABLE_STRICT_OBJC_MSGSEND = YES;
				GCC_C_LANGUAGE_STANDARD = gnu11;
				GCC_NO_COMMON_BLOCKS = YES;
				GCC_WARN_64_TO_32_BIT_CONVERSION = YES;
				GCC_WARN_ABOUT_RETURN_TYPE = YES_ERROR;
				GCC_WARN_UNDECLARED_SELECTOR = YES;
				GCC_WARN_UNINITIALIZED_AUTOS = YES_AGGRESSIVE;
				GCC_WARN_UNUSED_FUNCTION = YES;
				GCC_WARN_UNUSED_VARIABLE = YES;
				IPHONEOS_DEPLOYMENT_TARGET = 16.4;
				MTL_ENABLE_DEBUG_INFO = NO;
				MTL_FAST_MATH = YES;
				SDKROOT = iphoneos;
				SWIFT_COMPILATION_MODE = wholemodule;
				SWIFT_OPTIMIZATION_LEVEL = "-O";
				VALIDATE_PRODUCT = YES;
			};
			name = Release;
		};
		55AD052E2A003D2E00CC59C7 /* Debug */ = {
			isa = XCBuildConfiguration;
			buildSettings = {
				ASSETCATALOG_COMPILER_APPICON_NAME = AppIcon;
				ASSETCATALOG_COMPILER_GLOBAL_ACCENT_COLOR_NAME = AccentColor;
				CODE_SIGN_STYLE = Automatic;
				CURRENT_PROJECT_VERSION = 1;
				DEVELOPMENT_ASSET_PATHS = "\"SwiftUI-Shapes/Preview Content\"";
				ENABLE_PREVIEWS = YES;
				GENERATE_INFOPLIST_FILE = YES;
				INFOPLIST_KEY_UIApplicationSceneManifest_Generation = YES;
				INFOPLIST_KEY_UIApplicationSupportsIndirectInputEvents = YES;
				INFOPLIST_KEY_UILaunchScreen_Generation = YES;
				INFOPLIST_KEY_UISupportedInterfaceOrientations_iPad = "UIInterfaceOrientationPortrait UIInterfaceOrientationPortraitUpsideDown UIInterfaceOrientationLandscapeLeft UIInterfaceOrientationLandscapeRight";
				INFOPLIST_KEY_UISupportedInterfaceOrientations_iPhone = "UIInterfaceOrientationPortrait UIInterfaceOrientationLandscapeLeft UIInterfaceOrientationLandscapeRight";
				LD_RUNPATH_SEARCH_PATHS = (
					"$(inherited)",
					"@executable_path/Frameworks",
				);
				MARKETING_VERSION = 1.0;
				PRODUCT_BUNDLE_IDENTIFIER = "com.tahatuna.SwiftUI-Shapes";
				PRODUCT_NAME = "$(TARGET_NAME)";
				SWIFT_EMIT_LOC_STRINGS = YES;
				SWIFT_VERSION = 5.0;
				TARGETED_DEVICE_FAMILY = "1,2";
			};
			name = Debug;
		};
		55AD052F2A003D2E00CC59C7 /* Release */ = {
			isa = XCBuildConfiguration;
			buildSettings = {
				ASSETCATALOG_COMPILER_APPICON_NAME = AppIcon;
				ASSETCATALOG_COMPILER_GLOBAL_ACCENT_COLOR_NAME = AccentColor;
				CODE_SIGN_STYLE = Automatic;
				CURRENT_PROJECT_VERSION = 1;
				DEVELOPMENT_ASSET_PATHS = "\"SwiftUI-Shapes/Preview Content\"";
				ENABLE_PREVIEWS = YES;
				GENERATE_INFOPLIST_FILE = YES;
				INFOPLIST_KEY_UIApplicationSceneManifest_Generation = YES;
				INFOPLIST_KEY_UIApplicationSupportsIndirectInputEvents = YES;
				INFOPLIST_KEY_UILaunchScreen_Generation = YES;
				INFOPLIST_KEY_UISupportedInterfaceOrientations_iPad = "UIInterfaceOrientationPortrait UIInterfaceOrientationPortraitUpsideDown UIInterfaceOrientationLandscapeLeft UIInterfaceOrientationLandscapeRight";
				INFOPLIST_KEY_UISupportedInterfaceOrientations_iPhone = "UIInterfaceOrientationPortrait UIInterfaceOrientationLandscapeLeft UIInterfaceOrientationLandscapeRight";
				LD_RUNPATH_SEARCH_PATHS = (
					"$(inherited)",
					"@executable_path/Frameworks",
				);
				MARKETING_VERSION = 1.0;
				PRODUCT_BUNDLE_IDENTIFIER = "com.tahatuna.SwiftUI-Shapes";
				PRODUCT_NAME = "$(TARGET_NAME)";
				SWIFT_EMIT_LOC_STRINGS = YES;
				SWIFT_VERSION = 5.0;
				TARGETED_DEVICE_FAMILY = "1,2";
			};
			name = Release;
		};
/* End XCBuildConfiguration section */

/* Begin XCConfigurationList section */
		55AD051A2A003D2C00CC59C7 /* Build configuration list for PBXProject "SwiftUI-Shapes" */ = {
			isa = XCConfigurationList;
			buildConfigurations = (
				55AD052B2A003D2E00CC59C7 /* Debug */,
				55AD052C2A003D2E00CC59C7 /* Release */,
			);
			defaultConfigurationIsVisible = 0;
			defaultConfigurationName = Release;
		};
		55AD052D2A003D2E00CC59C7 /* Build configuration list for PBXNativeTarget "SwiftUI-Shapes" */ = {
			isa = XCConfigurationList;
			buildConfigurations = (
				55AD052E2A003D2E00CC59C7 /* Debug */,
				55AD052F2A003D2E00CC59C7 /* Release */,
			);
			defaultConfigurationIsVisible = 0;
			defaultConfigurationName = Release;
		};
/* End XCConfigurationList section */
	};
	rootObject = 55AD05172A003D2C00CC59C7 /* Project object */;
}
